
Microsoft Visual Studio Solution File, Format Version 12.00
# Visual Studio 2013
VisualStudioVersion = 12.0.40629.0
MinimumVisualStudioVersion = 10.0.40219.1
Project("{FAE04EC0-301F-11D3-BF4B-00C04F79EFBC}") = "WebAPiFllowUp", "WebAPiFllowUp\WebAPiFllowUp.csproj", "{D95933D7-1036-43B5-B8DE-238AAE503FA2}"
EndProject
Project("{FAE04EC0-301F-11D3-BF4B-00C04F79EFBC}") = "AppicationServices", "AppicationServices\AppicationServices.csproj", "{36DBA931-31BA-4D52-A51F-AD5A085B9256}"
EndProject
Project("{FAE04EC0-301F-11D3-BF4B-00C04F79EFBC}") = "ApplicationDataModel", "ApplicationDataModel\ApplicationDataModel.csproj", "{8C223BDB-9310-4509-AB36-0EC92650C4E9}"
EndProject
Project("{FAE04EC0-301F-11D3-BF4B-00C04F79EFBC}") = "ApplicationEntity", "ApplicationEntity\ApplicationEntity.csproj", "{1BF7171B-10B9-45D9-A1D5-1367F89EA49F}"
EndProject
Project("{FAE04EC0-301F-11D3-BF4B-00C04F79EFBC}") = "Common", "Common\Common.csproj", "{E6F93796-C678-4504-814E-518793BC16A2}"
EndProject
Project("{FAE04EC0-301F-11D3-BF4B-00C04F79EFBC}") = "Resolver", "Resolver\Resolver.csproj", "{D53697C4-F51E-41EF-940C-DA86E8DF01E5}"
EndProject
Global
	GlobalSection(SolutionConfigurationPlatforms) = preSolution
		Debug|Any CPU = Debug|Any CPU
		Release|Any CPU = Release|Any CPU
	EndGlobalSection
	GlobalSection(ProjectConfigurationPlatforms) = postSolution
		{D95933D7-1036-43B5-B8DE-238AAE503FA2}.Debug|Any CPU.ActiveCfg = Debug|Any CPU
		{D95933D7-1036-43B5-B8DE-238AAE503FA2}.Debug|Any CPU.Build.0 = Debug|Any CPU
		{D95933D7-1036-43B5-B8DE-238AAE503FA2}.Release|Any CPU.ActiveCfg = Release|Any CPU
		{D95933D7-1036-43B5-B8DE-238AAE503FA2}.Release|Any CPU.Build.0 = Release|Any CPU
		{36DBA931-31BA-4D52-A51F-AD5A085B9256}.Debug|Any CPU.ActiveCfg = Debug|Any CPU
		{36DBA931-31BA-4D52-A51F-AD5A085B9256}.Debug|Any CPU.Build.0 = Debug|Any CPU
		{36DBA931-31BA-4D52-A51F-AD5A085B9256}.Release|Any CPU.ActiveCfg = Release|Any CPU
		{36DBA931-31BA-4D52-A51F-AD5A085B9256}.Release|Any CPU.Build.0 = Release|Any CPU
		{8C223BDB-9310-4509-AB36-0EC92650C4E9}.Debug|Any CPU.ActiveCfg = Debug|Any CPU
		{8C223BDB-9310-4509-AB36-0EC92650C4E9}.Debug|Any CPU.Build.0 = Debug|Any CPU
		{8C223BDB-9310-4509-AB36-0EC92650C4E9}.Release|Any CPU.ActiveCfg = Release|Any CPU
		{8C223BDB-9310-4509-AB36-0EC92650C4E9}.Release|Any CPU.Build.0 = Release|Any CPU
		{1BF7171B-10B9-45D9-A1D5-1367F89EA49F}.Debug|Any CPU.ActiveCfg = Debug|Any CPU
		{1BF7171B-10B9-45D9-A1D5-1367F89EA49F}.Debug|Any CPU.Build.0 = Debug|Any CPU
		{1BF7171B-10B9-45D9-A1D5-1367F89EA49F}.Release|Any CPU.ActiveCfg = Release|Any CPU
		{1BF7171B-10B9-45D9-A1D5-1367F89EA49F}.Release|Any CPU.Build.0 = Release|Any CPU
		{E6F93796-C678-4504-814E-518793BC16A2}.Debug|Any CPU.ActiveCfg = Debug|Any CPU
		{E6F93796-C678-4504-814E-518793BC16A2}.Debug|Any CPU.Build.0 = Debug|Any CPU
		{E6F93796-C678-4504-814E-518793BC16A2}.Release|Any CPU.ActiveCfg = Release|Any CPU
		{E6F93796-C678-4504-814E-518793BC16A2}.Release|Any CPU.Build.0 = Release|Any CPU
		{D53697C4-F51E-41EF-940C-DA86E8DF01E5}.Debug|Any CPU.ActiveCfg = Debug|Any CPU
		{D53697C4-F51E-41EF-940C-DA86E8DF01E5}.Debug|Any CPU.Build.0 = Debug|Any CPU
		{D53697C4-F51E-41EF-940C-DA86E8DF01E5}.Release|Any CPU.ActiveCfg = Release|Any CPU
		{D53697C4-F51E-41EF-940C-DA86E8DF01E5}.Release|Any CPU.Build.0 = Release|Any CPU
	EndGlobalSection
	GlobalSection(SolutionProperties) = preSolution
		HideSolutionNode = FALSE
	EndGlobalSection
EndGlobal
